
Microsoft Visual Studio Solution File, Format Version 12.00
# Visual Studio Version 16
VisualStudioVersion = 16.0.30907.101
MinimumVisualStudioVersion = 10.0.40219.1
Project("{FAE04EC0-301F-11D3-BF4B-00C04F79EFBC}") = "RasManager", "RasManager\RasManager.csproj", "{4BB7EC25-4B8B-4216-A741-8F4A2DC2902E}"
EndProject
Global
	GlobalSection(SolutionConfigurationPlatforms) = preSolution
		Debug|Any CPU = Debug|Any CPU
		Release|Any CPU = Release|Any CPU
	EndGlobalSection
	GlobalSection(ProjectConfigurationPlatforms) = postSolution
		{4BB7EC25-4B8B-4216-A741-8F4A2DC2902E}.Debug|Any CPU.ActiveCfg = Debug|Any CPU
		{4BB7EC25-4B8B-4216-A741-8F4A2DC2902E}.Debug|Any CPU.Build.0 = Debug|Any CPU
		{4BB7EC25-4B8B-4216-A741-8F4A2DC2902E}.Release|Any CPU.ActiveCfg = Release|Any CPU
		{4BB7EC25-4B8B-4216-A741-8F4A2DC2902E}.Release|Any CPU.Build.0 = Release|Any CPU
	EndGlobalSection
	GlobalSection(SolutionProperties) = preSolution
		HideSolutionNode = FALSE
	EndGlobalSection
	GlobalSection(ExtensibilityGlobals) = postSolution
		SolutionGuid = {E9862F04-6234-4088-A76E-7922827391CE}
	EndGlobalSection
EndGlobal
